
Microsoft Visual Studio Solution File, Format Version 12.00
# Visual Studio Version 17
VisualStudioVersion = 17.9.34728.123
MinimumVisualStudioVersion = 10.0.40219.1
Project("{9A19103F-16F7-4668-BE54-9A1E7A4F7556}") = "ECommerceAPI", "ECommerce.Api\ECommerceAPI.csproj", "{32F7E6D8-867E-464B-B075-36BDF821D86D}"
EndProject
Project("{00D1A9C2-B5F0-4AF3-8072-F6C62B433612}") = "ECommerceDatabase", "ECommerceDatabase\ECommerceDatabase.sqlproj", "{5371B231-A56E-493C-8F60-679F1CBCC0F9}"
EndProject
Project("{E24C65DC-7377-472B-9ABA-BC803B73C61A}") = "ECommerce.Web", "ECommerce.Web\", "{00400EE4-0AFD-4A4C-9273-3E1572B6D62C}"
	ProjectSection(WebsiteProperties) = preProject
		TargetFrameworkMoniker = ".NETFramework,Version%3Dv4.8"
		Debug.AspNetCompiler.VirtualPath = "/localhost_61022"
		Debug.AspNetCompiler.PhysicalPath = "ECommerce.Web\"
		Debug.AspNetCompiler.TargetPath = "PrecompiledWeb\localhost_61022\"
		Debug.AspNetCompiler.Updateable = "true"
		Debug.AspNetCompiler.ForceOverwrite = "true"
		Debug.AspNetCompiler.FixedNames = "false"
		Debug.AspNetCompiler.Debug = "True"
		Release.AspNetCompiler.VirtualPath = "/localhost_61022"
		Release.AspNetCompiler.PhysicalPath = "ECommerce.Web\"
		Release.AspNetCompiler.TargetPath = "PrecompiledWeb\localhost_61022\"
		Release.AspNetCompiler.Updateable = "true"
		Release.AspNetCompiler.ForceOverwrite = "true"
		Release.AspNetCompiler.FixedNames = "false"
		Release.AspNetCompiler.Debug = "False"
		VWDPort = "61022"
		SlnRelativePath = "ECommerce.Web\"
	EndProjectSection
EndProject
Global
	GlobalSection(SolutionConfigurationPlatforms) = preSolution
		Debug|Any CPU = Debug|Any CPU
		Release|Any CPU = Release|Any CPU
	EndGlobalSection
	GlobalSection(ProjectConfigurationPlatforms) = postSolution
		{32F7E6D8-867E-464B-B075-36BDF821D86D}.Debug|Any CPU.ActiveCfg = Debug|Any CPU
		{32F7E6D8-867E-464B-B075-36BDF821D86D}.Debug|Any CPU.Build.0 = Debug|Any CPU
		{32F7E6D8-867E-464B-B075-36BDF821D86D}.Release|Any CPU.ActiveCfg = Release|Any CPU
		{32F7E6D8-867E-464B-B075-36BDF821D86D}.Release|Any CPU.Build.0 = Release|Any CPU
		{5371B231-A56E-493C-8F60-679F1CBCC0F9}.Debug|Any CPU.ActiveCfg = Debug|Any CPU
		{5371B231-A56E-493C-8F60-679F1CBCC0F9}.Debug|Any CPU.Build.0 = Debug|Any CPU
		{5371B231-A56E-493C-8F60-679F1CBCC0F9}.Debug|Any CPU.Deploy.0 = Debug|Any CPU
		{5371B231-A56E-493C-8F60-679F1CBCC0F9}.Release|Any CPU.ActiveCfg = Release|Any CPU
		{5371B231-A56E-493C-8F60-679F1CBCC0F9}.Release|Any CPU.Build.0 = Release|Any CPU
		{5371B231-A56E-493C-8F60-679F1CBCC0F9}.Release|Any CPU.Deploy.0 = Release|Any CPU
		{00400EE4-0AFD-4A4C-9273-3E1572B6D62C}.Debug|Any CPU.ActiveCfg = Debug|Any CPU
		{00400EE4-0AFD-4A4C-9273-3E1572B6D62C}.Debug|Any CPU.Build.0 = Debug|Any CPU
		{00400EE4-0AFD-4A4C-9273-3E1572B6D62C}.Release|Any CPU.ActiveCfg = Debug|Any CPU
		{00400EE4-0AFD-4A4C-9273-3E1572B6D62C}.Release|Any CPU.Build.0 = Debug|Any CPU
	EndGlobalSection
	GlobalSection(SolutionProperties) = preSolution
		HideSolutionNode = FALSE
	EndGlobalSection
	GlobalSection(ExtensibilityGlobals) = postSolution
		SolutionGuid = {66289B28-1A28-4A20-BC04-639725E8ADDA}
	EndGlobalSection
EndGlobal
